// !$*UTF8*$!
{
	archiveVersion = 1;
	classes = {
	};
	objectVersion = 46;
	objects = {

/* Begin PBXBuildFile section */
		6EB506BA1EFE02550078BED5 /* AppDelegate.swift in Sources */ = {isa = PBXBuildFile; fileRef = 6EB506B91EFE02550078BED5 /* AppDelegate.swift */; };
		6EB506BC1EFE02550078BED5 /* ViewController.swift in Sources */ = {isa = PBXBuildFile; fileRef = 6EB506BB1EFE02550078BED5 /* ViewController.swift */; };
		6EB506BF1EFE02550078BED5 /* Main.storyboard in Resources */ = {isa = PBXBuildFile; fileRef = 6EB506BD1EFE02550078BED5 /* Main.storyboard */; };
		6EB506C11EFE02550078BED5 /* Assets.xcassets in Resources */ = {isa = PBXBuildFile; fileRef = 6EB506C01EFE02550078BED5 /* Assets.xcassets */; };
		6EB506C41EFE02550078BED5 /* LaunchScreen.storyboard in Resources */ = {isa = PBXBuildFile; fileRef = 6EB506C21EFE02550078BED5 /* LaunchScreen.storyboard */; };
/* End PBXBuildFile section */

/* Begin PBXFileReference section */
		6EB506B61EFE02550078BED5 /* WLMultiTableView.app */ = {isa = PBXFileReference; explicitFileType = wrapper.application; includeInIndex = 0; path = WLMultiTableView.app; sourceTree = BUILT_PRODUCTS_DIR; };
		6EB506B91EFE02550078BED5 /* AppDelegate.swift */ = {isa = PBXFileReference; lastKnownFileType = sourcecode.swift; path = AppDelegate.swift; sourceTree = "<group>"; };
		6EB506BB1EFE02550078BED5 /* ViewController.swift */ = {isa = PBXFileReference; lastKnownFileType = sourcecode.swift; path = ViewController.swift; sourceTree = "<group>"; };
		6EB506BE1EFE02550078BED5 /* Base */ = {isa = PBXFileReference; lastKnownFileType = file.storyboard; name = Base; path = Base.lproj/Main.storyboard; sourceTree = "<group>"; };
		6EB506C01EFE02550078BED5 /* Assets.xcassets */ = {isa = PBXFileReference; lastKnownFileType = folder.assetcatalog; path = Assets.xcassets; sourceTree = "<group>"; };
		6EB506C31EFE02550078BED5 /* Base */ = {isa = PBXFileReference; lastKnownFileType = file.storyboard; name = Base; path = Base.lproj/LaunchScreen.storyboard; sourceTree = "<group>"; };
		6EB506C51EFE02550078BED5 /* Info.plist */ = {isa = PBXFileReference; lastKnownFileType = text.plist.xml; path = Info.plist; sourceTree = "<group>"; };
/* End PBXFileReference section */

/* Begin PBXFrameworksBuildPhase section */
		6EB506B31EFE02550078BED5 /* Frameworks */ = {
			isa = PBXFrameworksBuildPhase;
			buildActionMask = 2147483647;
			files = (
			);
			runOnlyForDeploymentPostprocessing = 0;
		};
/* End PBXFrameworksBuildPhase section */

/* Begin PBXGroup section */
		6EB506AD1EFE02550078BED5 = {
			isa = PBXGroup;
			children = (
				6EB506B81EFE02550078BED5 /* WLMultiTableView */,
				6EB506B71EFE02550078BED5 /* Products */,
			);
			sourceTree = "<group>";
		};
		6EB506B71EFE02550078BED5 /* Products */ = {
			isa = PBXGroup;
			children = (
				6EB506B61EFE02550078BED5 /* WLMultiTableView.app */,
			);
			name = Products;
			sourceTree = "<group>";
		};
		6EB506B81EFE02550078BED5 /* WLMultiTableView */ = {
			isa = PBXGroup;
			children = (
				6EB506B91EFE02550078BED5 /* AppDelegate.swift */,
				6EB506BB1EFE02550078BED5 /* ViewController.swift */,
				6EB506BD1EFE02550078BED5 /* Main.storyboard */,
				6EB506C01EFE02550078BED5 /* Assets.xcassets */,
				6EB506C21EFE02550078BED5 /* LaunchScreen.storyboard */,
				6EB506C51EFE02550078BED5 /* Info.plist */,
			);
			path = WLMultiTableView;
			sourceTree = "<group>";
		};
/* End PBXGroup section */

/* Begin PBXNativeTarget section */
		6EB506B51EFE02550078BED5 /* WLMultiTableView */ = {
			isa = PBXNativeTarget;
			buildConfigurationList = 6EB506C81EFE02550078BED5 /* Build configuration list for PBXNativeTarget "WLMultiTableView" */;
			buildPhases = (
				6EB506B21EFE02550078BED5 /* Sources */,
				6EB506B31EFE02550078BED5 /* Frameworks */,
				6EB506B41EFE02550078BED5 /* Resources */,
			);
			buildRules = (
			);
			dependencies = (
			);
			name = WLMultiTableView;
			productName = WLMultiTableView;
			productReference = 6EB506B61EFE02550078BED5 /* WLMultiTableView.app */;
			productType = "com.apple.product-type.application";
		};
/* End PBXNativeTarget section */

/* Begin PBXProject section */
		6EB506AE1EFE02550078BED5 /* Project object */ = {
			isa = PBXProject;
			attributes = {
				LastSwiftUpdateCheck = 0830;
				LastUpgradeCheck = 0830;
				ORGANIZATIONNAME = wlighting;
				TargetAttributes = {
					6EB506B51EFE02550078BED5 = {
						CreatedOnToolsVersion = 8.3.3;
						DevelopmentTeam = GRT63NVMX3;
						ProvisioningStyle = Automatic;
					};
				};
			};
			buildConfigurationList = 6EB506B11EFE02550078BED5 /* Build configuration list for PBXProject "WLMultiTableView" */;
			compatibilityVersion = "Xcode 3.2";
			developmentRegion = English;
			hasScannedForEncodings = 0;
			knownRegions = (
				en,
				Base,
			);
			mainGroup = 6EB506AD1EFE02550078BED5;
			productRefGroup = 6EB506B71EFE02550078BED5 /* Products */;
			projectDirPath = "";
			projectRoot = "";
			targets = (
				6EB506B51EFE02550078BED5 /* WLMultiTableView */,
			);
		};
/* End PBXProject section */

/* Begin PBXResourcesBuildPhase section */
		6EB506B41EFE02550078BED5 /* Resources */ = {
			isa = PBXResourcesBuildPhase;
			buildActionMask = 2147483647;
			files = (
				6EB506C41EFE02550078BED5 /* LaunchScreen.storyboard in Resources */,
				6EB506C11EFE02550078BED5 /* Assets.xcassets in Resources */,
				6EB506BF1EFE02550078BED5 /* Main.storyboard in Resources */,
			);
			runOnlyForDeploymentPostprocessing = 0;
		};
/* End PBXResourcesBuildPhase section */

/* Begin PBXSourcesBuildPhase section */
		6EB506B21EFE02550078BED5 /* Sources */ = {
			isa = PBXSourcesBuildPhase;
			buildActionMask = 2147483647;
			files = (
				6EB506BC1EFE02550078BED5 /* ViewController.swift in Sources */,
				6EB506BA1EFE02550078BED5 /* AppDelegate.swift in Sources */,
			);
			runOnlyForDeploymentPostprocessing = 0;
		};
/* End PBXSourcesBuildPhase section */

/* Begin PBXVariantGroup section */
		6EB506BD1EFE02550078BED5 /* Main.storyboard */ = {
			isa = PBXVariantGroup;
			children = (
				6EB506BE1EFE02550078BED5 /* Base */,
			);
			name = Main.storyboard;
			sourceTree = "<group>";
		};
		6EB506C21EFE02550078BED5 /* LaunchScreen.storyboard */ = {
			isa = PBXVariantGroup;
			children = (
				6EB506C31EFE02550078BED5 /* Base */,
			);
			name = LaunchScreen.storyboard;
			sourceTree = "<group>";
		};
/* End PBXVariantGroup section */

/* Begin XCBuildConfiguration section */
		6EB506C61EFE02550078BED5 /* Debug */ = {
			isa = XCBuildConfiguration;
			buildSettings = {
				ALWAYS_SEARCH_USER_PATHS = NO;
				CLANG_ANALYZER_NONNULL = YES;
				CLANG_ANALYZER_NUMBER_OBJECT_CONVERSION = YES_AGGRESSIVE;
				CLANG_CXX_LANGUAGE_STANDARD = "gnu++0x";
				CLANG_CXX_LIBRARY = "libc++";
				CLANG_ENABLE_MODULES = YES;
				CLANG_ENABLE_OBJC_ARC = YES;
				CLANG_WARN_BOOL_CONVERSION = YES;
				CLANG_WARN_CONSTANT_CONVERSION = YES;
				CLANG_WARN_DIRECT_OBJC_ISA_USAGE = YES_ERROR;
				CLANG_WARN_DOCUMENTATION_COMMENTS = YES;
				CLANG_WARN_EMPTY_BODY = YES;
				CLANG_WARN_ENUM_CONVERSION = YES;
				CLANG_WARN_INFINITE_RECURSION = YES;
				CLANG_WARN_INT_CONVERSION = YES;
				CLANG_WARN_OBJC_ROOT_CLASS = YES_ERROR;
				CLANG_WARN_SUSPICIOUS_MOVE = YES;
				CLANG_WARN_UNREACHABLE_CODE = YES;
				CLANG_WARN__DUPLICATE_METHOD_MATCH = YES;
				"CODE_SIGN_IDENTITY[sdk=iphoneos*]" = "iPhone Developer";
				COPY_PHASE_STRIP = NO;
				DEBUG_INFORMATION_FORMAT = dwarf;
				ENABLE_STRICT_OBJC_MSGSEND = YES;
				ENABLE_TESTABILITY = YES;
				GCC_C_LANGUAGE_STANDARD = gnu99;
				GCC_DYNAMIC_NO_PIC = NO;
				GCC_NO_COMMON_BLOCKS = YES;
				GCC_OPTIMIZATION_LEVEL = 0;
				GCC_PREPROCESSOR_DEFINITIONS = (
					"DEBUG=1",
					"$(inherited)",
				);
				GCC_WARN_64_TO_32_BIT_CONVERSION = YES;
				GCC_WARN_ABOUT_RETURN_TYPE = YES_ERROR;
				GCC_WARN_UNDECLARED_SELECTOR = YES;
				GCC_WARN_UNINITIALIZED_AUTOS = YES_AGGRESSIVE;
				GCC_WARN_UNUSED_FUNCTION = YES;
				GCC_WARN_UNUSED_VARIABLE = YES;
				IPHONEOS_DEPLOYMENT_TARGET = 10.3;
				MTL_ENABLE_DEBUG_INFO = YES;
				ONLY_ACTIVE_ARCH = YES;
				SDKROOT = iphoneos;
				SWIFT_ACTIVE_COMPILATION_CONDITIONS = DEBUG;
				SWIFT_OPTIMIZATION_LEVEL = "-Onone";
			};
			name = Debug;
		};
		6EB506C71EFE02550078BED5 /* Release */ = {
			isa = XCBuildConfiguration;
			buildSettings = {
				ALWAYS_SEARCH_USER_PATHS = NO;
				CLANG_ANALYZER_NONNULL = YES;
				CLANG_ANALYZER_NUMBER_OBJECT_CONVERSION = YES_AGGRESSIVE;
				CLANG_CXX_LANGUAGE_STANDARD = "gnu++0x";
				CLANG_CXX_LIBRARY = "libc++";
				CLANG_ENABLE_MODULES = YES;
				CLANG_ENABLE_OBJC_ARC = YES;
				CLANG_WARN_BOOL_CONVERSION = YES;
				CLANG_WARN_CONSTANT_CONVERSION = YES;
				CLANG_WARN_DIRECT_OBJC_ISA_USAGE = YES_ERROR;
				CLANG_WARN_DOCUMENTATION_COMMENTS = YES;
				CLANG_WARN_EMPTY_BODY = YES;
				CLANG_WARN_ENUM_CONVERSION = YES;
				CLANG_WARN_INFINITE_RECURSION = YES;
				CLANG_WARN_INT_CONVERSION = YES;
				CLANG_WARN_OBJC_ROOT_CLASS = YES_ERROR;
				CLANG_WARN_SUSPICIOUS_MOVE = YES;
				CLANG_WARN_UNREACHABLE_CODE = YES;
				CLANG_WARN__DUPLICATE_METHOD_MATCH = YES;
				"CODE_SIGN_IDENTITY[sdk=iphoneos*]" = "iPhone Developer";
				COPY_PHASE_STRIP = NO;
				DEBUG_INFORMATION_FORMAT = "dwarf-with-dsym";
				ENABLE_NS_ASSERTIONS = NO;
				ENABLE_STRICT_OBJC_MSGSEND = YES;
				GCC_C_LANGUAGE_STANDARD = gnu99;
				GCC_NO_COMMON_BLOCKS = YES;
				GCC_WARN_64_TO_32_BIT_CONVERSION = YES;
				GCC_WARN_ABOUT_RETURN_TYPE = YES_ERROR;
				GCC_WARN_UNDECLARED_SELECTOR = YES;
				GCC_WARN_UNINITIALIZED_AUTOS = YES_AGGRESSIVE;
				GCC_WARN_UNUSED_FUNCTION = YES;
				GCC_WARN_UNUSED_VARIABLE = YES;
				IPHONEOS_DEPLOYMENT_TARGET = 10.3;
				MTL_ENABLE_DEBUG_INFO = NO;
				SDKROOT = iphoneos;
				SWIFT_OPTIMIZATION_LEVEL = "-Owholemodule";
				VALIDATE_PRODUCT = YES;
			};
			name = Release;
		};
		6EB506C91EFE02550078BED5 /* Debug */ = {
			isa = XCBuildConfiguration;
			buildSettings = {
				ASSETCATALOG_COMPILER_APPICON_NAME = AppIcon;
				DEVELOPMENT_TEAM = GRT63NVMX3;
				INFOPLIST_FILE = WLMultiTableView/Info.plist;
				LD_RUNPATH_SEARCH_PATHS = "$(inherited) @executable_path/Frameworks";
				PRODUCT_BUNDLE_IDENTIFIER = cn.wl520.www.WLMultiTableView;
				PRODUCT_NAME = "$(TARGET_NAME)";
				SWIFT_VERSION = 3.0;
			};
			name = Debug;
		};
		6EB506CA1EFE02550078BED5 /* Release */ = {
			isa = XCBuildConfiguration;
			buildSettings = {
				ASSETCATALOG_COMPILER_APPICON_NAME = AppIcon;
				DEVELOPMENT_TEAM = GRT63NVMX3;
				INFOPLIST_FILE = WLMultiTableView/Info.plist;
				LD_RUNPATH_SEARCH_PATHS = "$(inherited) @executable_path/Frameworks";
				PRODUCT_BUNDLE_IDENTIFIER = cn.wl520.www.WLMultiTableView;
				PRODUCT_NAME = "$(TARGET_NAME)";
				SWIFT_VERSION = 3.0;
			};
			name = Release;
		};
/* End XCBuildConfiguration section */

/* Begin XCConfigurationList section */
		6EB506B11EFE02550078BED5 /* Build configuration list for PBXProject "WLMultiTableView" */ = {
			isa = XCConfigurationList;
			buildConfigurations = (
				6EB506C61EFE02550078BED5 /* Debug */,
				6EB506C71EFE02550078BED5 /* Release */,
			);
			defaultConfigurationIsVisible = 0;
			defaultConfigurationName = Release;
		};
		6EB506C81EFE02550078BED5 /* Build configuration list for PBXNativeTarget "WLMultiTableView" */ = {
			isa = XCConfigurationList;
			buildConfigurations = (
				6EB506C91EFE02550078BED5 /* Debug */,
				6EB506CA1EFE02550078BED5 /* Release */,
			);
			defaultConfigurationIsVisible = 0;
		};
/* End XCConfigurationList section */
	};
	rootObject = 6EB506AE1EFE02550078BED5 /* Project object */;
}
